
Microsoft Visual Studio Solution File, Format Version 12.00
# Visual Studio Version 17
VisualStudioVersion = 17.1.32328.378
MinimumVisualStudioVersion = 10.0.40219.1
Project("{FAE04EC0-301F-11D3-BF4B-00C04F79EFBC}") = "SOA", "SOA\SOA.csproj", "{4FA5A854-05C4-4057-8486-3AEE6878DB60}"
EndProject
Global
	GlobalSection(SolutionConfigurationPlatforms) = preSolution
		Debug|Any CPU = Debug|Any CPU
		Release|Any CPU = Release|Any CPU
	EndGlobalSection
	GlobalSection(ProjectConfigurationPlatforms) = postSolution
		{4FA5A854-05C4-4057-8486-3AEE6878DB60}.Debug|Any CPU.ActiveCfg = Debug|Any CPU
		{4FA5A854-05C4-4057-8486-3AEE6878DB60}.Debug|Any CPU.Build.0 = Debug|Any CPU
		{4FA5A854-05C4-4057-8486-3AEE6878DB60}.Release|Any CPU.ActiveCfg = Release|Any CPU
		{4FA5A854-05C4-4057-8486-3AEE6878DB60}.Release|Any CPU.Build.0 = Release|Any CPU
	EndGlobalSection
	GlobalSection(SolutionProperties) = preSolution
		HideSolutionNode = FALSE
	EndGlobalSection
	GlobalSection(ExtensibilityGlobals) = postSolution
		SolutionGuid = {C1D2FB1F-D422-4484-954B-98D448C304A3}
	EndGlobalSection
EndGlobal
